# @generated by Move, please check-in and do not edit manually.

[move]
version = 3
manifest_digest = "4D77EFAC16F00123790FCD639D3095FFD11A179F95E7A7B0593CFBA6052F1D3C"
deps_digest = "F8BBB0CCB2491CA29A3DF03D6F92277A4F3574266507ACD77214D37ECA3F3082"
dependencies = [
  { id = "Sui", name = "Sui" },
]

[[move.package]]
id = "MoveStdlib"
source = { git = "https://github.com/MystenLabs/sui.git", rev = "framework/testnet", subdir = "crates/sui-framework/packages/move-stdlib" }

[[move.package]]
id = "Sui"
source = { git = "https://github.com/MystenLabs/sui.git", rev = "framework/testnet", subdir = "crates/sui-framework/packages/sui-framework" }

dependencies = [
  { id = "MoveStdlib", name = "MoveStdlib" },
]

[move.toolchain-version]
compiler-version = "1.42.1"
edition = "2024.beta"
flavor = "sui"

[env]

[env.devnet]
chain-id = "c2bef0b2"
original-published-id = "0x16b9c35a28186dc503dd30eedaa673f01b63171a82e7343f622fb002abe290c5"
latest-published-id = "0x16b9c35a28186dc503dd30eedaa673f01b63171a82e7343f622fb002abe290c5"
published-version = "1"

[env.testnet]
chain-id = "4c78adac"
original-published-id = "0x0000000000000000000000000000000000000000000000000000000000000000"
latest-published-id = "0xcfb24081e6448d15b05581d3e4160a23eb4e6740a878a8afd73cfcd8e8780990"
published-version = "1"
